
Microsoft Visual Studio Solution File, Format Version 12.00
# Visual Studio Version 17
VisualStudioVersion = 17.9.34701.34
MinimumVisualStudioVersion = 10.0.40219.1
Project("{FAE04EC0-301F-11D3-BF4B-00C04F79EFBC}") = "WebDangKySuDungPhongMay", "WebDangKySuDungPhongMay\WebDangKySuDungPhongMay.csproj", "{17E310BC-F7A6-4D8E-8247-E744C48A7A44}"
EndProject
Global
	GlobalSection(SolutionConfigurationPlatforms) = preSolution
		Debug|Any CPU = Debug|Any CPU
		Release|Any CPU = Release|Any CPU
	EndGlobalSection
	GlobalSection(ProjectConfigurationPlatforms) = postSolution
		{17E310BC-F7A6-4D8E-8247-E744C48A7A44}.Debug|Any CPU.ActiveCfg = Debug|Any CPU
		{17E310BC-F7A6-4D8E-8247-E744C48A7A44}.Debug|Any CPU.Build.0 = Debug|Any CPU
		{17E310BC-F7A6-4D8E-8247-E744C48A7A44}.Release|Any CPU.ActiveCfg = Release|Any CPU
		{17E310BC-F7A6-4D8E-8247-E744C48A7A44}.Release|Any CPU.Build.0 = Release|Any CPU
	EndGlobalSection
	GlobalSection(SolutionProperties) = preSolution
		HideSolutionNode = FALSE
	EndGlobalSection
	GlobalSection(ExtensibilityGlobals) = postSolution
		SolutionGuid = {1137981E-163F-423A-9B3E-E7E63AAEEA7F}
	EndGlobalSection
EndGlobal
